
Microsoft Visual Studio Solution File, Format Version 12.00
# Visual Studio Version 17
VisualStudioVersion = 17.0.32014.148
MinimumVisualStudioVersion = 10.0.40219.1
Project("{FAE04EC0-301F-11D3-BF4B-00C04F79EFBC}") = "QLBHST", "QLBHST.csproj", "{93B0433C-2389-48BD-95D1-6D42E087FC3A}"
EndProject
Global
	GlobalSection(SolutionConfigurationPlatforms) = preSolution
		Debug|Any CPU = Debug|Any CPU
		Release|Any CPU = Release|Any CPU
	EndGlobalSection
	GlobalSection(ProjectConfigurationPlatforms) = postSolution
		{93B0433C-2389-48BD-95D1-6D42E087FC3A}.Debug|Any CPU.ActiveCfg = Debug|Any CPU
		{93B0433C-2389-48BD-95D1-6D42E087FC3A}.Debug|Any CPU.Build.0 = Debug|Any CPU
		{93B0433C-2389-48BD-95D1-6D42E087FC3A}.Release|Any CPU.ActiveCfg = Release|Any CPU
		{93B0433C-2389-48BD-95D1-6D42E087FC3A}.Release|Any CPU.Build.0 = Release|Any CPU
	EndGlobalSection
	GlobalSection(SolutionProperties) = preSolution
		HideSolutionNode = FALSE
	EndGlobalSection
	GlobalSection(ExtensibilityGlobals) = postSolution
		SolutionGuid = {57D217DC-30B8-4675-8A9B-CC22B56E4D6D}
	EndGlobalSection
EndGlobal
